
Microsoft Visual Studio Solution File, Format Version 12.00
# Visual Studio Version 16
VisualStudioVersion = 16.0.31321.278
MinimumVisualStudioVersion = 10.0.40219.1
Project("{FAE04EC0-301F-11D3-BF4B-00C04F79EFBC}") = "ShopProject_1", "ShopProject_1\ShopProject_1.csproj", "{54EDC67B-1604-4CB8-8913-5F60A53B0544}"
EndProject
Global
	GlobalSection(SolutionConfigurationPlatforms) = preSolution
		Debug|Any CPU = Debug|Any CPU
		Release|Any CPU = Release|Any CPU
	EndGlobalSection
	GlobalSection(ProjectConfigurationPlatforms) = postSolution
		{54EDC67B-1604-4CB8-8913-5F60A53B0544}.Debug|Any CPU.ActiveCfg = Debug|Any CPU
		{54EDC67B-1604-4CB8-8913-5F60A53B0544}.Debug|Any CPU.Build.0 = Debug|Any CPU
		{54EDC67B-1604-4CB8-8913-5F60A53B0544}.Release|Any CPU.ActiveCfg = Release|Any CPU
		{54EDC67B-1604-4CB8-8913-5F60A53B0544}.Release|Any CPU.Build.0 = Release|Any CPU
	EndGlobalSection
	GlobalSection(SolutionProperties) = preSolution
		HideSolutionNode = FALSE
	EndGlobalSection
	GlobalSection(ExtensibilityGlobals) = postSolution
		SolutionGuid = {F3D79117-B4C9-4483-A121-97EF9AB17E59}
	EndGlobalSection
EndGlobal
